
Microsoft Visual Studio Solution File, Format Version 12.00
# Visual Studio 14
VisualStudioVersion = 14.0.25420.1
MinimumVisualStudioVersion = 10.0.40219.1
Project("{FAE04EC0-301F-11D3-BF4B-00C04F79EFBC}") = "ConsultReniecSunat", "ConsultReniecSunat\ConsultReniecSunat.csproj", "{5B776268-8727-4C03-9C76-4F27B3AD4E6B}"
EndProject
Project("{FAE04EC0-301F-11D3-BF4B-00C04F79EFBC}") = "Ws_ConsultReniecSunat", "Ws_ConsultReniecSunat\Ws_ConsultReniecSunat.csproj", "{212E3F58-FBAF-4DBA-B123-D5F335B8FD98}"
EndProject
Project("{FAE04EC0-301F-11D3-BF4B-00C04F79EFBC}") = "ServiceWSPrueba", "ServiceWSPrueba\ServiceWSPrueba.csproj", "{F6D024D6-D018-450C-B8B8-06CB34D57381}"
	ProjectSection(ProjectDependencies) = postProject
		{212E3F58-FBAF-4DBA-B123-D5F335B8FD98} = {212E3F58-FBAF-4DBA-B123-D5F335B8FD98}
	EndProjectSection
EndProject
Project("{FAE04EC0-301F-11D3-BF4B-00C04F79EFBC}") = "InterfaceWPF", "InterfaceWPF\InterfaceWPF.csproj", "{1ABBA22E-4480-4CED-A997-5944195369A3}"
EndProject
Project("{FAE04EC0-301F-11D3-BF4B-00C04F79EFBC}") = "CapaDato", "CapaDato\CapaDato.csproj", "{D7D144B0-89B5-41E1-AE1E-340DA4C00141}"
EndProject
Project("{FAE04EC0-301F-11D3-BF4B-00C04F79EFBC}") = "CapaEntidad", "CapaEntidad\CapaEntidad.csproj", "{C24D20C9-781B-4FD8-B956-DBB16280E929}"
EndProject
Project("{FAE04EC0-301F-11D3-BF4B-00C04F79EFBC}") = "Ws_Bata_Interfaces", "WS_Bata_Interfaces\Ws_Bata_Interfaces.csproj", "{9C787199-FBAD-4BEA-8332-73B204FC84E9}"
EndProject
Project("{FAE04EC0-301F-11D3-BF4B-00C04F79EFBC}") = "CapaBasico", "CapaBasico\CapaBasico.csproj", "{FB033D1A-36A5-4989-87BA-9B53ABBE55BE}"
EndProject
Project("{FAE04EC0-301F-11D3-BF4B-00C04F79EFBC}") = "AppBata_WS_Interfaces", "AppBata_WS_Interfaces\AppBata_WS_Interfaces.csproj", "{C783CF63-D017-4A95-AA71-62638E960A36}"
	ProjectSection(ProjectDependencies) = postProject
		{9C787199-FBAD-4BEA-8332-73B204FC84E9} = {9C787199-FBAD-4BEA-8332-73B204FC84E9}
		{B12A5DEB-4436-42E5-9015-0AEB6ED9DE52} = {B12A5DEB-4436-42E5-9015-0AEB6ED9DE52}
	EndProjectSection
EndProject
Project("{FAE04EC0-301F-11D3-BF4B-00C04F79EFBC}") = "CapaServicioWindows", "CapaServicioWindows\CapaServicioWindows.csproj", "{371B33AD-399F-448E-9C58-FB07A742A61E}"
	ProjectSection(ProjectDependencies) = postProject
		{9C787199-FBAD-4BEA-8332-73B204FC84E9} = {9C787199-FBAD-4BEA-8332-73B204FC84E9}
	EndProjectSection
EndProject
Project("{FAE04EC0-301F-11D3-BF4B-00C04F79EFBC}") = "WS_BataPoslog", "WS_BataPoslog\WS_BataPoslog.csproj", "{D93C8250-D05B-4D1F-B8F6-BFF79ECC3293}"
EndProject
Project("{FAE04EC0-301F-11D3-BF4B-00C04F79EFBC}") = "ServiceWinTransaction", "ServiceWinTransaction\ServiceWinTransaction.csproj", "{E3D2FCE3-B7EC-425D-B563-AC271BFA8C2F}"
EndProject
Project("{6141683F-8A12-4E36-9623-2EB02B2C2303}") = "InstaladorTransaction", "InstaladorTransaction\InstaladorTransaction.isproj", "{78FFFC3C-C624-4DF0-BCB0-3F6ED3286AD4}"
	ProjectSection(ProjectDependencies) = postProject
		{E3D2FCE3-B7EC-425D-B563-AC271BFA8C2F} = {E3D2FCE3-B7EC-425D-B563-AC271BFA8C2F}
	EndProjectSection
EndProject
Project("{FAE04EC0-301F-11D3-BF4B-00C04F79EFBC}") = "WS_Ecommerce", "WS_Ecommerce\WS_Ecommerce.csproj", "{B12A5DEB-4436-42E5-9015-0AEB6ED9DE52}"
EndProject
Global
	GlobalSection(SolutionConfigurationPlatforms) = preSolution
		CD_ROM|Any CPU = CD_ROM|Any CPU
		Debug|Any CPU = Debug|Any CPU
		Development|Any CPU = Development|Any CPU
		DVD-5|Any CPU = DVD-5|Any CPU
		Release|Any CPU = Release|Any CPU
		SingleImage|Any CPU = SingleImage|Any CPU
	EndGlobalSection
	GlobalSection(ProjectConfigurationPlatforms) = postSolution
		{5B776268-8727-4C03-9C76-4F27B3AD4E6B}.CD_ROM|Any CPU.ActiveCfg = Release|Any CPU
		{5B776268-8727-4C03-9C76-4F27B3AD4E6B}.CD_ROM|Any CPU.Build.0 = Release|Any CPU
		{5B776268-8727-4C03-9C76-4F27B3AD4E6B}.Debug|Any CPU.ActiveCfg = Debug|Any CPU
		{5B776268-8727-4C03-9C76-4F27B3AD4E6B}.Debug|Any CPU.Build.0 = Debug|Any CPU
		{5B776268-8727-4C03-9C76-4F27B3AD4E6B}.Development|Any CPU.ActiveCfg = Debug|Any CPU
		{5B776268-8727-4C03-9C76-4F27B3AD4E6B}.Development|Any CPU.Build.0 = Debug|Any CPU
		{5B776268-8727-4C03-9C76-4F27B3AD4E6B}.DVD-5|Any CPU.ActiveCfg = Debug|Any CPU
		{5B776268-8727-4C03-9C76-4F27B3AD4E6B}.DVD-5|Any CPU.Build.0 = Debug|Any CPU
		{5B776268-8727-4C03-9C76-4F27B3AD4E6B}.Release|Any CPU.ActiveCfg = Release|Any CPU
		{5B776268-8727-4C03-9C76-4F27B3AD4E6B}.Release|Any CPU.Build.0 = Release|Any CPU
		{5B776268-8727-4C03-9C76-4F27B3AD4E6B}.SingleImage|Any CPU.ActiveCfg = Release|Any CPU
		{5B776268-8727-4C03-9C76-4F27B3AD4E6B}.SingleImage|Any CPU.Build.0 = Release|Any CPU
		{212E3F58-FBAF-4DBA-B123-D5F335B8FD98}.CD_ROM|Any CPU.ActiveCfg = Release|Any CPU
		{212E3F58-FBAF-4DBA-B123-D5F335B8FD98}.CD_ROM|Any CPU.Build.0 = Release|Any CPU
		{212E3F58-FBAF-4DBA-B123-D5F335B8FD98}.Debug|Any CPU.ActiveCfg = Debug|Any CPU
		{212E3F58-FBAF-4DBA-B123-D5F335B8FD98}.Debug|Any CPU.Build.0 = Debug|Any CPU
		{212E3F58-FBAF-4DBA-B123-D5F335B8FD98}.Development|Any CPU.ActiveCfg = Debug|Any CPU
		{212E3F58-FBAF-4DBA-B123-D5F335B8FD98}.Development|Any CPU.Build.0 = Debug|Any CPU
		{212E3F58-FBAF-4DBA-B123-D5F335B8FD98}.DVD-5|Any CPU.ActiveCfg = Debug|Any CPU
		{212E3F58-FBAF-4DBA-B123-D5F335B8FD98}.DVD-5|Any CPU.Build.0 = Debug|Any CPU
		{212E3F58-FBAF-4DBA-B123-D5F335B8FD98}.Release|Any CPU.ActiveCfg = Release|Any CPU
		{212E3F58-FBAF-4DBA-B123-D5F335B8FD98}.Release|Any CPU.Build.0 = Release|Any CPU
		{212E3F58-FBAF-4DBA-B123-D5F335B8FD98}.SingleImage|Any CPU.ActiveCfg = Release|Any CPU
		{212E3F58-FBAF-4DBA-B123-D5F335B8FD98}.SingleImage|Any CPU.Build.0 = Release|Any CPU
		{F6D024D6-D018-450C-B8B8-06CB34D57381}.CD_ROM|Any CPU.ActiveCfg = Release|Any CPU
		{F6D024D6-D018-450C-B8B8-06CB34D57381}.CD_ROM|Any CPU.Build.0 = Release|Any CPU
		{F6D024D6-D018-450C-B8B8-06CB34D57381}.Debug|Any CPU.ActiveCfg = Debug|Any CPU
		{F6D024D6-D018-450C-B8B8-06CB34D57381}.Debug|Any CPU.Build.0 = Debug|Any CPU
		{F6D024D6-D018-450C-B8B8-06CB34D57381}.Development|Any CPU.ActiveCfg = Debug|Any CPU
		{F6D024D6-D018-450C-B8B8-06CB34D57381}.Development|Any CPU.Build.0 = Debug|Any CPU
		{F6D024D6-D018-450C-B8B8-06CB34D57381}.DVD-5|Any CPU.ActiveCfg = Debug|Any CPU
		{F6D024D6-D018-450C-B8B8-06CB34D57381}.DVD-5|Any CPU.Build.0 = Debug|Any CPU
		{F6D024D6-D018-450C-B8B8-06CB34D57381}.Release|Any CPU.ActiveCfg = Release|Any CPU
		{F6D024D6-D018-450C-B8B8-06CB34D57381}.Release|Any CPU.Build.0 = Release|Any CPU
		{F6D024D6-D018-450C-B8B8-06CB34D57381}.SingleImage|Any CPU.ActiveCfg = Release|Any CPU
		{F6D024D6-D018-450C-B8B8-06CB34D57381}.SingleImage|Any CPU.Build.0 = Release|Any CPU
		{1ABBA22E-4480-4CED-A997-5944195369A3}.CD_ROM|Any CPU.ActiveCfg = Release|Any CPU
		{1ABBA22E-4480-4CED-A997-5944195369A3}.CD_ROM|Any CPU.Build.0 = Release|Any CPU
		{1ABBA22E-4480-4CED-A997-5944195369A3}.Debug|Any CPU.ActiveCfg = Debug|Any CPU
		{1ABBA22E-4480-4CED-A997-5944195369A3}.Debug|Any CPU.Build.0 = Debug|Any CPU
		{1ABBA22E-4480-4CED-A997-5944195369A3}.Development|Any CPU.ActiveCfg = Debug|Any CPU
		{1ABBA22E-4480-4CED-A997-5944195369A3}.Development|Any CPU.Build.0 = Debug|Any CPU
		{1ABBA22E-4480-4CED-A997-5944195369A3}.DVD-5|Any CPU.ActiveCfg = Debug|Any CPU
		{1ABBA22E-4480-4CED-A997-5944195369A3}.DVD-5|Any CPU.Build.0 = Debug|Any CPU
		{1ABBA22E-4480-4CED-A997-5944195369A3}.Release|Any CPU.ActiveCfg = Release|Any CPU
		{1ABBA22E-4480-4CED-A997-5944195369A3}.Release|Any CPU.Build.0 = Release|Any CPU
		{1ABBA22E-4480-4CED-A997-5944195369A3}.SingleImage|Any CPU.ActiveCfg = Release|Any CPU
		{1ABBA22E-4480-4CED-A997-5944195369A3}.SingleImage|Any CPU.Build.0 = Release|Any CPU
		{D7D144B0-89B5-41E1-AE1E-340DA4C00141}.CD_ROM|Any CPU.ActiveCfg = Release|Any CPU
		{D7D144B0-89B5-41E1-AE1E-340DA4C00141}.CD_ROM|Any CPU.Build.0 = Release|Any CPU
		{D7D144B0-89B5-41E1-AE1E-340DA4C00141}.Debug|Any CPU.ActiveCfg = Debug|Any CPU
		{D7D144B0-89B5-41E1-AE1E-340DA4C00141}.Debug|Any CPU.Build.0 = Debug|Any CPU
		{D7D144B0-89B5-41E1-AE1E-340DA4C00141}.Development|Any CPU.ActiveCfg = Debug|Any CPU
		{D7D144B0-89B5-41E1-AE1E-340DA4C00141}.Development|Any CPU.Build.0 = Debug|Any CPU
		{D7D144B0-89B5-41E1-AE1E-340DA4C00141}.DVD-5|Any CPU.ActiveCfg = Debug|Any CPU
		{D7D144B0-89B5-41E1-AE1E-340DA4C00141}.DVD-5|Any CPU.Build.0 = Debug|Any CPU
		{D7D144B0-89B5-41E1-AE1E-340DA4C00141}.Release|Any CPU.ActiveCfg = Release|Any CPU
		{D7D144B0-89B5-41E1-AE1E-340DA4C00141}.Release|Any CPU.Build.0 = Release|Any CPU
		{D7D144B0-89B5-41E1-AE1E-340DA4C00141}.SingleImage|Any CPU.ActiveCfg = Release|Any CPU
		{D7D144B0-89B5-41E1-AE1E-340DA4C00141}.SingleImage|Any CPU.Build.0 = Release|Any CPU
		{C24D20C9-781B-4FD8-B956-DBB16280E929}.CD_ROM|Any CPU.ActiveCfg = Release|Any CPU
		{C24D20C9-781B-4FD8-B956-DBB16280E929}.CD_ROM|Any CPU.Build.0 = Release|Any CPU
		{C24D20C9-781B-4FD8-B956-DBB16280E929}.Debug|Any CPU.ActiveCfg = Debug|Any CPU
		{C24D20C9-781B-4FD8-B956-DBB16280E929}.Debug|Any CPU.Build.0 = Debug|Any CPU
		{C24D20C9-781B-4FD8-B956-DBB16280E929}.Development|Any CPU.ActiveCfg = Debug|Any CPU
		{C24D20C9-781B-4FD8-B956-DBB16280E929}.Development|Any CPU.Build.0 = Debug|Any CPU
		{C24D20C9-781B-4FD8-B956-DBB16280E929}.DVD-5|Any CPU.ActiveCfg = Debug|Any CPU
		{C24D20C9-781B-4FD8-B956-DBB16280E929}.DVD-5|Any CPU.Build.0 = Debug|Any CPU
		{C24D20C9-781B-4FD8-B956-DBB16280E929}.Release|Any CPU.ActiveCfg = Release|Any CPU
		{C24D20C9-781B-4FD8-B956-DBB16280E929}.Release|Any CPU.Build.0 = Release|Any CPU
		{C24D20C9-781B-4FD8-B956-DBB16280E929}.SingleImage|Any CPU.ActiveCfg = Release|Any CPU
		{C24D20C9-781B-4FD8-B956-DBB16280E929}.SingleImage|Any CPU.Build.0 = Release|Any CPU
		{9C787199-FBAD-4BEA-8332-73B204FC84E9}.CD_ROM|Any CPU.ActiveCfg = Release|Any CPU
		{9C787199-FBAD-4BEA-8332-73B204FC84E9}.CD_ROM|Any CPU.Build.0 = Release|Any CPU
		{9C787199-FBAD-4BEA-8332-73B204FC84E9}.Debug|Any CPU.ActiveCfg = Debug|Any CPU
		{9C787199-FBAD-4BEA-8332-73B204FC84E9}.Debug|Any CPU.Build.0 = Debug|Any CPU
		{9C787199-FBAD-4BEA-8332-73B204FC84E9}.Development|Any CPU.ActiveCfg = Debug|Any CPU
		{9C787199-FBAD-4BEA-8332-73B204FC84E9}.Development|Any CPU.Build.0 = Debug|Any CPU
		{9C787199-FBAD-4BEA-8332-73B204FC84E9}.DVD-5|Any CPU.ActiveCfg = Debug|Any CPU
		{9C787199-FBAD-4BEA-8332-73B204FC84E9}.DVD-5|Any CPU.Build.0 = Debug|Any CPU
		{9C787199-FBAD-4BEA-8332-73B204FC84E9}.Release|Any CPU.ActiveCfg = Release|Any CPU
		{9C787199-FBAD-4BEA-8332-73B204FC84E9}.Release|Any CPU.Build.0 = Release|Any CPU
		{9C787199-FBAD-4BEA-8332-73B204FC84E9}.SingleImage|Any CPU.ActiveCfg = Release|Any CPU
		{9C787199-FBAD-4BEA-8332-73B204FC84E9}.SingleImage|Any CPU.Build.0 = Release|Any CPU
		{FB033D1A-36A5-4989-87BA-9B53ABBE55BE}.CD_ROM|Any CPU.ActiveCfg = Release|Any CPU
		{FB033D1A-36A5-4989-87BA-9B53ABBE55BE}.CD_ROM|Any CPU.Build.0 = Release|Any CPU
		{FB033D1A-36A5-4989-87BA-9B53ABBE55BE}.Debug|Any CPU.ActiveCfg = Debug|Any CPU
		{FB033D1A-36A5-4989-87BA-9B53ABBE55BE}.Debug|Any CPU.Build.0 = Debug|Any CPU
		{FB033D1A-36A5-4989-87BA-9B53ABBE55BE}.Development|Any CPU.ActiveCfg = Debug|Any CPU
		{FB033D1A-36A5-4989-87BA-9B53ABBE55BE}.Development|Any CPU.Build.0 = Debug|Any CPU
		{FB033D1A-36A5-4989-87BA-9B53ABBE55BE}.DVD-5|Any CPU.ActiveCfg = Debug|Any CPU
		{FB033D1A-36A5-4989-87BA-9B53ABBE55BE}.DVD-5|Any CPU.Build.0 = Debug|Any CPU
		{FB033D1A-36A5-4989-87BA-9B53ABBE55BE}.Release|Any CPU.ActiveCfg = Release|Any CPU
		{FB033D1A-36A5-4989-87BA-9B53ABBE55BE}.Release|Any CPU.Build.0 = Release|Any CPU
		{FB033D1A-36A5-4989-87BA-9B53ABBE55BE}.SingleImage|Any CPU.ActiveCfg = Release|Any CPU
		{FB033D1A-36A5-4989-87BA-9B53ABBE55BE}.SingleImage|Any CPU.Build.0 = Release|Any CPU
		{C783CF63-D017-4A95-AA71-62638E960A36}.CD_ROM|Any CPU.ActiveCfg = Release|Any CPU
		{C783CF63-D017-4A95-AA71-62638E960A36}.CD_ROM|Any CPU.Build.0 = Release|Any CPU
		{C783CF63-D017-4A95-AA71-62638E960A36}.Debug|Any CPU.ActiveCfg = Debug|Any CPU
		{C783CF63-D017-4A95-AA71-62638E960A36}.Debug|Any CPU.Build.0 = Debug|Any CPU
		{C783CF63-D017-4A95-AA71-62638E960A36}.Development|Any CPU.ActiveCfg = Debug|Any CPU
		{C783CF63-D017-4A95-AA71-62638E960A36}.Development|Any CPU.Build.0 = Debug|Any CPU
		{C783CF63-D017-4A95-AA71-62638E960A36}.DVD-5|Any CPU.ActiveCfg = Debug|Any CPU
		{C783CF63-D017-4A95-AA71-62638E960A36}.DVD-5|Any CPU.Build.0 = Debug|Any CPU
		{C783CF63-D017-4A95-AA71-62638E960A36}.Release|Any CPU.ActiveCfg = Release|Any CPU
		{C783CF63-D017-4A95-AA71-62638E960A36}.Release|Any CPU.Build.0 = Release|Any CPU
		{C783CF63-D017-4A95-AA71-62638E960A36}.SingleImage|Any CPU.ActiveCfg = Release|Any CPU
		{C783CF63-D017-4A95-AA71-62638E960A36}.SingleImage|Any CPU.Build.0 = Release|Any CPU
		{371B33AD-399F-448E-9C58-FB07A742A61E}.CD_ROM|Any CPU.ActiveCfg = Release|Any CPU
		{371B33AD-399F-448E-9C58-FB07A742A61E}.CD_ROM|Any CPU.Build.0 = Release|Any CPU
		{371B33AD-399F-448E-9C58-FB07A742A61E}.Debug|Any CPU.ActiveCfg = Debug|Any CPU
		{371B33AD-399F-448E-9C58-FB07A742A61E}.Debug|Any CPU.Build.0 = Debug|Any CPU
		{371B33AD-399F-448E-9C58-FB07A742A61E}.Development|Any CPU.ActiveCfg = Debug|Any CPU
		{371B33AD-399F-448E-9C58-FB07A742A61E}.Development|Any CPU.Build.0 = Debug|Any CPU
		{371B33AD-399F-448E-9C58-FB07A742A61E}.DVD-5|Any CPU.ActiveCfg = Debug|Any CPU
		{371B33AD-399F-448E-9C58-FB07A742A61E}.DVD-5|Any CPU.Build.0 = Debug|Any CPU
		{371B33AD-399F-448E-9C58-FB07A742A61E}.Release|Any CPU.ActiveCfg = Release|Any CPU
		{371B33AD-399F-448E-9C58-FB07A742A61E}.Release|Any CPU.Build.0 = Release|Any CPU
		{371B33AD-399F-448E-9C58-FB07A742A61E}.SingleImage|Any CPU.ActiveCfg = Release|Any CPU
		{371B33AD-399F-448E-9C58-FB07A742A61E}.SingleImage|Any CPU.Build.0 = Release|Any CPU
		{D93C8250-D05B-4D1F-B8F6-BFF79ECC3293}.CD_ROM|Any CPU.ActiveCfg = Release|Any CPU
		{D93C8250-D05B-4D1F-B8F6-BFF79ECC3293}.CD_ROM|Any CPU.Build.0 = Release|Any CPU
		{D93C8250-D05B-4D1F-B8F6-BFF79ECC3293}.Debug|Any CPU.ActiveCfg = Debug|Any CPU
		{D93C8250-D05B-4D1F-B8F6-BFF79ECC3293}.Debug|Any CPU.Build.0 = Debug|Any CPU
		{D93C8250-D05B-4D1F-B8F6-BFF79ECC3293}.Development|Any CPU.ActiveCfg = Debug|Any CPU
		{D93C8250-D05B-4D1F-B8F6-BFF79ECC3293}.Development|Any CPU.Build.0 = Debug|Any CPU
		{D93C8250-D05B-4D1F-B8F6-BFF79ECC3293}.DVD-5|Any CPU.ActiveCfg = Debug|Any CPU
		{D93C8250-D05B-4D1F-B8F6-BFF79ECC3293}.DVD-5|Any CPU.Build.0 = Debug|Any CPU
		{D93C8250-D05B-4D1F-B8F6-BFF79ECC3293}.Release|Any CPU.ActiveCfg = Release|Any CPU
		{D93C8250-D05B-4D1F-B8F6-BFF79ECC3293}.Release|Any CPU.Build.0 = Release|Any CPU
		{D93C8250-D05B-4D1F-B8F6-BFF79ECC3293}.SingleImage|Any CPU.ActiveCfg = Release|Any CPU
		{D93C8250-D05B-4D1F-B8F6-BFF79ECC3293}.SingleImage|Any CPU.Build.0 = Release|Any CPU
		{E3D2FCE3-B7EC-425D-B563-AC271BFA8C2F}.CD_ROM|Any CPU.ActiveCfg = Release|Any CPU
		{E3D2FCE3-B7EC-425D-B563-AC271BFA8C2F}.CD_ROM|Any CPU.Build.0 = Release|Any CPU
		{E3D2FCE3-B7EC-425D-B563-AC271BFA8C2F}.Debug|Any CPU.ActiveCfg = Debug|Any CPU
		{E3D2FCE3-B7EC-425D-B563-AC271BFA8C2F}.Debug|Any CPU.Build.0 = Debug|Any CPU
		{E3D2FCE3-B7EC-425D-B563-AC271BFA8C2F}.Development|Any CPU.ActiveCfg = Debug|Any CPU
		{E3D2FCE3-B7EC-425D-B563-AC271BFA8C2F}.Development|Any CPU.Build.0 = Debug|Any CPU
		{E3D2FCE3-B7EC-425D-B563-AC271BFA8C2F}.DVD-5|Any CPU.ActiveCfg = Debug|Any CPU
		{E3D2FCE3-B7EC-425D-B563-AC271BFA8C2F}.DVD-5|Any CPU.Build.0 = Debug|Any CPU
		{E3D2FCE3-B7EC-425D-B563-AC271BFA8C2F}.Release|Any CPU.ActiveCfg = Release|Any CPU
		{E3D2FCE3-B7EC-425D-B563-AC271BFA8C2F}.Release|Any CPU.Build.0 = Release|Any CPU
		{E3D2FCE3-B7EC-425D-B563-AC271BFA8C2F}.SingleImage|Any CPU.ActiveCfg = Release|Any CPU
		{E3D2FCE3-B7EC-425D-B563-AC271BFA8C2F}.SingleImage|Any CPU.Build.0 = Release|Any CPU
		{78FFFC3C-C624-4DF0-BCB0-3F6ED3286AD4}.CD_ROM|Any CPU.ActiveCfg = CD_ROM
		{78FFFC3C-C624-4DF0-BCB0-3F6ED3286AD4}.CD_ROM|Any CPU.Build.0 = CD_ROM
		{78FFFC3C-C624-4DF0-BCB0-3F6ED3286AD4}.Debug|Any CPU.ActiveCfg = DVD-5
		{78FFFC3C-C624-4DF0-BCB0-3F6ED3286AD4}.Debug|Any CPU.Build.0 = DVD-5
		{78FFFC3C-C624-4DF0-BCB0-3F6ED3286AD4}.Development|Any CPU.ActiveCfg = DVD-5
		{78FFFC3C-C624-4DF0-BCB0-3F6ED3286AD4}.Development|Any CPU.Build.0 = DVD-5
		{78FFFC3C-C624-4DF0-BCB0-3F6ED3286AD4}.DVD-5|Any CPU.ActiveCfg = DVD-5
		{78FFFC3C-C624-4DF0-BCB0-3F6ED3286AD4}.DVD-5|Any CPU.Build.0 = DVD-5
		{78FFFC3C-C624-4DF0-BCB0-3F6ED3286AD4}.Release|Any CPU.ActiveCfg = SingleImage
		{78FFFC3C-C624-4DF0-BCB0-3F6ED3286AD4}.Release|Any CPU.Build.0 = SingleImage
		{78FFFC3C-C624-4DF0-BCB0-3F6ED3286AD4}.SingleImage|Any CPU.ActiveCfg = SingleImage
		{78FFFC3C-C624-4DF0-BCB0-3F6ED3286AD4}.SingleImage|Any CPU.Build.0 = SingleImage
		{B12A5DEB-4436-42E5-9015-0AEB6ED9DE52}.CD_ROM|Any CPU.ActiveCfg = Release|Any CPU
		{B12A5DEB-4436-42E5-9015-0AEB6ED9DE52}.CD_ROM|Any CPU.Build.0 = Release|Any CPU
		{B12A5DEB-4436-42E5-9015-0AEB6ED9DE52}.Debug|Any CPU.ActiveCfg = Debug|Any CPU
		{B12A5DEB-4436-42E5-9015-0AEB6ED9DE52}.Debug|Any CPU.Build.0 = Debug|Any CPU
		{B12A5DEB-4436-42E5-9015-0AEB6ED9DE52}.Development|Any CPU.ActiveCfg = Debug|Any CPU
		{B12A5DEB-4436-42E5-9015-0AEB6ED9DE52}.Development|Any CPU.Build.0 = Debug|Any CPU
		{B12A5DEB-4436-42E5-9015-0AEB6ED9DE52}.DVD-5|Any CPU.ActiveCfg = Debug|Any CPU
		{B12A5DEB-4436-42E5-9015-0AEB6ED9DE52}.DVD-5|Any CPU.Build.0 = Debug|Any CPU
		{B12A5DEB-4436-42E5-9015-0AEB6ED9DE52}.Release|Any CPU.ActiveCfg = Release|Any CPU
		{B12A5DEB-4436-42E5-9015-0AEB6ED9DE52}.Release|Any CPU.Build.0 = Release|Any CPU
		{B12A5DEB-4436-42E5-9015-0AEB6ED9DE52}.SingleImage|Any CPU.ActiveCfg = Release|Any CPU
		{B12A5DEB-4436-42E5-9015-0AEB6ED9DE52}.SingleImage|Any CPU.Build.0 = Release|Any CPU
	EndGlobalSection
	GlobalSection(SolutionProperties) = preSolution
		HideSolutionNode = FALSE
	EndGlobalSection
EndGlobal
